
Microsoft Visual Studio Solution File, Format Version 12.00
# Visual Studio Version 16
VisualStudioVersion = 16.0.29209.62
MinimumVisualStudioVersion = 10.0.40219.1
Project("{2150E333-8FDC-42A3-9474-1A3956D46DE8}") = "src", "src", "{63683BE7-1900-4623-8F36-471F5CC227E5}"
EndProject
Project("{2150E333-8FDC-42A3-9474-1A3956D46DE8}") = "Presentation", "Presentation", "{BB7BEB42-3EE3-4820-9883-4B196E8413E5}"
EndProject
Project("{2150E333-8FDC-42A3-9474-1A3956D46DE8}") = "Services", "Services", "{44DBFBE5-B353-45D6-B154-668E2CBD1781}"
EndProject
Project("{2150E333-8FDC-42A3-9474-1A3956D46DE8}") = "Application", "Application", "{DC24154D-5CFD-486C-95B9-F7A33C909BD0}"
EndProject
Project("{2150E333-8FDC-42A3-9474-1A3956D46DE8}") = "Domain", "Domain", "{63DC4FCE-7E5A-4CC2-B7CA-6326791A55A8}"
EndProject
Project("{2150E333-8FDC-42A3-9474-1A3956D46DE8}") = "Infra", "Infra", "{A036689F-A750-481B-B5A4-90118DE81683}"
EndProject
Project("{2150E333-8FDC-42A3-9474-1A3956D46DE8}") = "Data", "Data", "{62D7E4EA-AB32-4CD1-A1BD-D2A6CDE34237}"
EndProject
Project("{2150E333-8FDC-42A3-9474-1A3956D46DE8}") = "CrossCutting", "CrossCutting", "{B405886B-C9AF-459B-859D-6918B33BB2E8}"
EndProject
Project("{9A19103F-16F7-4668-BE54-9A1E7A4F7556}") = "AprovationCenter.Domain", "src\AprovationCenter.Domain\AprovationCenter.Domain.csproj", "{E23F0C34-1476-4D90-B559-C177F32E0D99}"
EndProject
Project("{9A19103F-16F7-4668-BE54-9A1E7A4F7556}") = "AprovationCenter.Domain.Core", "src\AprovationCenter.Domain.Core\AprovationCenter.Domain.Core.csproj", "{F54E0D69-EC07-4137-A9EA-3AB6297083C7}"
EndProject
Project("{9A19103F-16F7-4668-BE54-9A1E7A4F7556}") = "AprovationCenter.Application", "src\AprovationCenter.Application\AprovationCenter.Application.csproj", "{9DC623C6-C744-4DDD-9CF9-C6388A83ED77}"
EndProject
Project("{9A19103F-16F7-4668-BE54-9A1E7A4F7556}") = "AprovationCenter.Infra.Data", "src\AprovationCenter.Infra.Data\AprovationCenter.Infra.Data.csproj", "{073808EC-F3C9-4475-82F7-E521497A48B3}"
EndProject
Project("{9A19103F-16F7-4668-BE54-9A1E7A4F7556}") = "AprovationCenter.Infra.CrossCutting.IoC", "src\AprovationCenter.Infra.CrossCutting.IoC\AprovationCenter.Infra.CrossCutting.IoC.csproj", "{81A0685B-4BBD-4C68-BF9C-2168DA1CE9AE}"
EndProject
Project("{9A19103F-16F7-4668-BE54-9A1E7A4F7556}") = "AprovationCenter.Infra.CrossCutting.Identity", "src\AprovationCenter.Infra.CrossCutting.Identity\AprovationCenter.Infra.CrossCutting.Identity.csproj", "{0AC5D441-94F6-4875-829B-84729E097326}"
EndProject
Project("{9A19103F-16F7-4668-BE54-9A1E7A4F7556}") = "AprovationCenter.Infra.CrossCutting.Bus", "src\AprovationCenter.Infra.CrossCutting.Bus\AprovationCenter.Infra.CrossCutting.Bus.csproj", "{EFC6C233-73D7-4E72-BDF3-494597B57CC7}"
EndProject
Project("{9A19103F-16F7-4668-BE54-9A1E7A4F7556}") = "AprovationCenter.Services.Api", "src\AprovationCenter.Services.Api\AprovationCenter.Services.Api.csproj", "{FAAFCB54-F0DC-4A61-8B77-2F0FEF5362B5}"
EndProject
Global
	GlobalSection(SolutionConfigurationPlatforms) = preSolution
		Debug|Any CPU = Debug|Any CPU
		Release|Any CPU = Release|Any CPU
	EndGlobalSection
	GlobalSection(ProjectConfigurationPlatforms) = postSolution
		{E23F0C34-1476-4D90-B559-C177F32E0D99}.Debug|Any CPU.ActiveCfg = Debug|Any CPU
		{E23F0C34-1476-4D90-B559-C177F32E0D99}.Debug|Any CPU.Build.0 = Debug|Any CPU
		{E23F0C34-1476-4D90-B559-C177F32E0D99}.Release|Any CPU.ActiveCfg = Release|Any CPU
		{E23F0C34-1476-4D90-B559-C177F32E0D99}.Release|Any CPU.Build.0 = Release|Any CPU
		{F54E0D69-EC07-4137-A9EA-3AB6297083C7}.Debug|Any CPU.ActiveCfg = Debug|Any CPU
		{F54E0D69-EC07-4137-A9EA-3AB6297083C7}.Debug|Any CPU.Build.0 = Debug|Any CPU
		{F54E0D69-EC07-4137-A9EA-3AB6297083C7}.Release|Any CPU.ActiveCfg = Release|Any CPU
		{F54E0D69-EC07-4137-A9EA-3AB6297083C7}.Release|Any CPU.Build.0 = Release|Any CPU
		{9DC623C6-C744-4DDD-9CF9-C6388A83ED77}.Debug|Any CPU.ActiveCfg = Debug|Any CPU
		{9DC623C6-C744-4DDD-9CF9-C6388A83ED77}.Debug|Any CPU.Build.0 = Debug|Any CPU
		{9DC623C6-C744-4DDD-9CF9-C6388A83ED77}.Release|Any CPU.ActiveCfg = Release|Any CPU
		{9DC623C6-C744-4DDD-9CF9-C6388A83ED77}.Release|Any CPU.Build.0 = Release|Any CPU
		{073808EC-F3C9-4475-82F7-E521497A48B3}.Debug|Any CPU.ActiveCfg = Debug|Any CPU
		{073808EC-F3C9-4475-82F7-E521497A48B3}.Debug|Any CPU.Build.0 = Debug|Any CPU
		{073808EC-F3C9-4475-82F7-E521497A48B3}.Release|Any CPU.ActiveCfg = Release|Any CPU
		{073808EC-F3C9-4475-82F7-E521497A48B3}.Release|Any CPU.Build.0 = Release|Any CPU
		{81A0685B-4BBD-4C68-BF9C-2168DA1CE9AE}.Debug|Any CPU.ActiveCfg = Debug|Any CPU
		{81A0685B-4BBD-4C68-BF9C-2168DA1CE9AE}.Debug|Any CPU.Build.0 = Debug|Any CPU
		{81A0685B-4BBD-4C68-BF9C-2168DA1CE9AE}.Release|Any CPU.ActiveCfg = Release|Any CPU
		{81A0685B-4BBD-4C68-BF9C-2168DA1CE9AE}.Release|Any CPU.Build.0 = Release|Any CPU
		{0AC5D441-94F6-4875-829B-84729E097326}.Debug|Any CPU.ActiveCfg = Debug|Any CPU
		{0AC5D441-94F6-4875-829B-84729E097326}.Debug|Any CPU.Build.0 = Debug|Any CPU
		{0AC5D441-94F6-4875-829B-84729E097326}.Release|Any CPU.ActiveCfg = Release|Any CPU
		{0AC5D441-94F6-4875-829B-84729E097326}.Release|Any CPU.Build.0 = Release|Any CPU
		{EFC6C233-73D7-4E72-BDF3-494597B57CC7}.Debug|Any CPU.ActiveCfg = Debug|Any CPU
		{EFC6C233-73D7-4E72-BDF3-494597B57CC7}.Debug|Any CPU.Build.0 = Debug|Any CPU
		{EFC6C233-73D7-4E72-BDF3-494597B57CC7}.Release|Any CPU.ActiveCfg = Release|Any CPU
		{EFC6C233-73D7-4E72-BDF3-494597B57CC7}.Release|Any CPU.Build.0 = Release|Any CPU
		{FAAFCB54-F0DC-4A61-8B77-2F0FEF5362B5}.Debug|Any CPU.ActiveCfg = Debug|Any CPU
		{FAAFCB54-F0DC-4A61-8B77-2F0FEF5362B5}.Debug|Any CPU.Build.0 = Debug|Any CPU
		{FAAFCB54-F0DC-4A61-8B77-2F0FEF5362B5}.Release|Any CPU.ActiveCfg = Release|Any CPU
		{FAAFCB54-F0DC-4A61-8B77-2F0FEF5362B5}.Release|Any CPU.Build.0 = Release|Any CPU
	EndGlobalSection
	GlobalSection(SolutionProperties) = preSolution
		HideSolutionNode = FALSE
	EndGlobalSection
	GlobalSection(NestedProjects) = preSolution
		{BB7BEB42-3EE3-4820-9883-4B196E8413E5} = {63683BE7-1900-4623-8F36-471F5CC227E5}
		{44DBFBE5-B353-45D6-B154-668E2CBD1781} = {63683BE7-1900-4623-8F36-471F5CC227E5}
		{DC24154D-5CFD-486C-95B9-F7A33C909BD0} = {63683BE7-1900-4623-8F36-471F5CC227E5}
		{63DC4FCE-7E5A-4CC2-B7CA-6326791A55A8} = {63683BE7-1900-4623-8F36-471F5CC227E5}
		{A036689F-A750-481B-B5A4-90118DE81683} = {63683BE7-1900-4623-8F36-471F5CC227E5}
		{62D7E4EA-AB32-4CD1-A1BD-D2A6CDE34237} = {A036689F-A750-481B-B5A4-90118DE81683}
		{B405886B-C9AF-459B-859D-6918B33BB2E8} = {A036689F-A750-481B-B5A4-90118DE81683}
		{E23F0C34-1476-4D90-B559-C177F32E0D99} = {63DC4FCE-7E5A-4CC2-B7CA-6326791A55A8}
		{F54E0D69-EC07-4137-A9EA-3AB6297083C7} = {63DC4FCE-7E5A-4CC2-B7CA-6326791A55A8}
		{9DC623C6-C744-4DDD-9CF9-C6388A83ED77} = {DC24154D-5CFD-486C-95B9-F7A33C909BD0}
		{073808EC-F3C9-4475-82F7-E521497A48B3} = {62D7E4EA-AB32-4CD1-A1BD-D2A6CDE34237}
		{81A0685B-4BBD-4C68-BF9C-2168DA1CE9AE} = {B405886B-C9AF-459B-859D-6918B33BB2E8}
		{0AC5D441-94F6-4875-829B-84729E097326} = {B405886B-C9AF-459B-859D-6918B33BB2E8}
		{EFC6C233-73D7-4E72-BDF3-494597B57CC7} = {B405886B-C9AF-459B-859D-6918B33BB2E8}
		{FAAFCB54-F0DC-4A61-8B77-2F0FEF5362B5} = {44DBFBE5-B353-45D6-B154-668E2CBD1781}
	EndGlobalSection
	GlobalSection(ExtensibilityGlobals) = postSolution
		SolutionGuid = {F442367A-18AE-4CF3-9A14-5C37AF2AB520}
	EndGlobalSection
EndGlobal
